
Microsoft Visual Studio Solution File, Format Version 12.00
# Visual Studio Version 16
VisualStudioVersion = 16.0.30611.23
MinimumVisualStudioVersion = 10.0.40219.1
Project("{FAE04EC0-301F-11D3-BF4B-00C04F79EFBC}") = "OrganisationData", "OrganisationData.csproj", "{DF664957-9A37-4563-8FA0-D3A34DA050E2}"
EndProject
Global
	GlobalSection(SolutionConfigurationPlatforms) = preSolution
		Debug|Any CPU = Debug|Any CPU
		Release|Any CPU = Release|Any CPU
	EndGlobalSection
	GlobalSection(ProjectConfigurationPlatforms) = postSolution
		{DF664957-9A37-4563-8FA0-D3A34DA050E2}.Debug|Any CPU.ActiveCfg = Debug|Any CPU
		{DF664957-9A37-4563-8FA0-D3A34DA050E2}.Debug|Any CPU.Build.0 = Debug|Any CPU
		{DF664957-9A37-4563-8FA0-D3A34DA050E2}.Release|Any CPU.ActiveCfg = Release|Any CPU
		{DF664957-9A37-4563-8FA0-D3A34DA050E2}.Release|Any CPU.Build.0 = Release|Any CPU
	EndGlobalSection
	GlobalSection(SolutionProperties) = preSolution
		HideSolutionNode = FALSE
	EndGlobalSection
	GlobalSection(ExtensibilityGlobals) = postSolution
		SolutionGuid = {2158BEDD-3CA0-4776-9F55-6F5962A56861}
	EndGlobalSection
EndGlobal
